
Microsoft Visual Studio Solution File, Format Version 12.00
# Visual Studio Version 16
VisualStudioVersion = 16.0.30804.86
MinimumVisualStudioVersion = 10.0.40219.1
Project("{FAE04EC0-301F-11D3-BF4B-00C04F79EFBC}") = "economiegr", "economiegr\economiegr.csproj", "{1C4A49FE-D819-44A9-8C43-C0E15AAA074F}"
EndProject
Global
	GlobalSection(SolutionConfigurationPlatforms) = preSolution
		Debug|Any CPU = Debug|Any CPU
		Release|Any CPU = Release|Any CPU
	EndGlobalSection
	GlobalSection(ProjectConfigurationPlatforms) = postSolution
		{1C4A49FE-D819-44A9-8C43-C0E15AAA074F}.Debug|Any CPU.ActiveCfg = Debug|Any CPU
		{1C4A49FE-D819-44A9-8C43-C0E15AAA074F}.Debug|Any CPU.Build.0 = Debug|Any CPU
		{1C4A49FE-D819-44A9-8C43-C0E15AAA074F}.Release|Any CPU.ActiveCfg = Release|Any CPU
		{1C4A49FE-D819-44A9-8C43-C0E15AAA074F}.Release|Any CPU.Build.0 = Release|Any CPU
	EndGlobalSection
	GlobalSection(SolutionProperties) = preSolution
		HideSolutionNode = FALSE
	EndGlobalSection
	GlobalSection(ExtensibilityGlobals) = postSolution
		SolutionGuid = {40CDCB1C-A0C4-4A50-8AD8-C8E0C6FCD58F}
	EndGlobalSection
EndGlobal
